{
  "originHash" : "a287dbe1ae963951799d8eb9c1f36533b06a36b66785b501bd2f0d596bd0651c",
  "pins" : [
    {
      "identity" : "customblureffectview",
      "kind" : "remoteSourceControl",
      "location" : "https://github.com/perfectdim/CustomBlurEffectView.git",
      "state" : {
        "revision" : "a25e92fc90c0df9bdf79177974ba8581ea470905",
        "version" : "0.0.3"
      }
    },
    {
      "identity" : "scalingcarousel",
      "kind" : "remoteSourceControl",
      "location" : "https://github.com/superpeteblaze/ScalingCarousel.git",
      "state" : {
        "revision" : "f2bfde4db386243fd4e0e4687fcfff530c239c20",
        "version" : "3.2.0"
      }
    }
  ],
  "version" : 3
}
