// !$*UTF8*$!
{
	archiveVersion = 1;
	classes = {
	};
	objectVersion = 60;
	objects = {

/* Begin PBXBuildFile section */
		5506720E2C7786FD008F0420 /* DLCVC.swift in Sources */ = {isa = PBXBuildFile; fileRef = 5506720D2C7786FD008F0420 /* DLCVC.swift */; };
		550672102C77877A008F0420 /* DLCCell.swift in Sources */ = {isa = PBXBuildFile; fileRef = 5506720F2C77877A008F0420 /* DLCCell.swift */; };
		550672132C7788B1008F0420 /* PreviewImageView.swift in Sources */ = {isa = PBXBuildFile; fileRef = 550672122C7788B1008F0420 /* PreviewImageView.swift */; };
		550672152C779954008F0420 /* DLC.swift in Sources */ = {isa = PBXBuildFile; fileRef = 550672142C779950008F0420 /* DLC.swift */; };
		552B0CBB2C736CBF00344F9B /* AppDelegate.swift in Sources */ = {isa = PBXBuildFile; fileRef = 552B0CBA2C736CBF00344F9B /* AppDelegate.swift */; };
		552B0CBD2C736CBF00344F9B /* SceneDelegate.swift in Sources */ = {isa = PBXBuildFile; fileRef = 552B0CBC2C736CBF00344F9B /* SceneDelegate.swift */; };
		552B0CBF2C736CBF00344F9B /* ViewController.swift in Sources */ = {isa = PBXBuildFile; fileRef = 552B0CBE2C736CBF00344F9B /* ViewController.swift */; };
		552B0CC22C736CBF00344F9B /* Base in Resources */ = {isa = PBXBuildFile; fileRef = 552B0CC12C736CBF00344F9B /* Base */; };
		552B0CC42C736CC200344F9B /* Assets.xcassets in Resources */ = {isa = PBXBuildFile; fileRef = 552B0CC32C736CC200344F9B /* Assets.xcassets */; };
		552B0CC72C736CC200344F9B /* Base in Resources */ = {isa = PBXBuildFile; fileRef = 552B0CC62C736CC200344F9B /* Base */; };
		552B0CD22C736CC200344F9B /* DBDInfoTests.swift in Sources */ = {isa = PBXBuildFile; fileRef = 552B0CD12C736CC200344F9B /* DBDInfoTests.swift */; };
		552B0CDC2C736CC200344F9B /* DBDInfoUITests.swift in Sources */ = {isa = PBXBuildFile; fileRef = 552B0CDB2C736CC200344F9B /* DBDInfoUITests.swift */; };
		552B0CDE2C736CC200344F9B /* DBDInfoUITestsLaunchTests.swift in Sources */ = {isa = PBXBuildFile; fileRef = 552B0CDD2C736CC200344F9B /* DBDInfoUITestsLaunchTests.swift */; };
		552B0CED2C736EE100344F9B /* FeaturesVC.swift in Sources */ = {isa = PBXBuildFile; fileRef = 552B0CEC2C736EE100344F9B /* FeaturesVC.swift */; };
		552B0CF02C73741100344F9B /* Feature.swift in Sources */ = {isa = PBXBuildFile; fileRef = 552B0CEF2C73740F00344F9B /* Feature.swift */; };
		552B0CF32C73779F00344F9B /* UIHelper.swift in Sources */ = {isa = PBXBuildFile; fileRef = 552B0CF22C73779C00344F9B /* UIHelper.swift */; };
		552B0CF62C737B8B00344F9B /* FeatureCell.swift in Sources */ = {isa = PBXBuildFile; fileRef = 552B0CF52C737B8B00344F9B /* FeatureCell.swift */; };
		552B0CF82C737F8D00344F9B /* Constants.swift in Sources */ = {isa = PBXBuildFile; fileRef = 552B0CF72C737F8A00344F9B /* Constants.swift */; };
		552B0CFB2C738DA100344F9B /* DITitleLabel.swift in Sources */ = {isa = PBXBuildFile; fileRef = 552B0CFA2C738DA100344F9B /* DITitleLabel.swift */; };
		552B0CFD2C738E6000344F9B /* DISecondaryLabel.swift in Sources */ = {isa = PBXBuildFile; fileRef = 552B0CFC2C738E6000344F9B /* DISecondaryLabel.swift */; };
		552B0CFF2C738F6A00344F9B /* DIAdditionalLabel.swift in Sources */ = {isa = PBXBuildFile; fileRef = 552B0CFE2C738F6A00344F9B /* DIAdditionalLabel.swift */; };
		552B0D012C73AC8E00344F9B /* fa-solid-900.ttf in Resources */ = {isa = PBXBuildFile; fileRef = 552B0D002C73AC8D00344F9B /* fa-solid-900.ttf */; };
		552B0D032C73B0E800344F9B /* DISymbolLabel.swift in Sources */ = {isa = PBXBuildFile; fileRef = 552B0D022C73B0E800344F9B /* DISymbolLabel.swift */; };
		55E2D1A72C750621003181B8 /* CustomBlurEffectView in Frameworks */ = {isa = PBXBuildFile; productRef = 55E2D1A62C750621003181B8 /* CustomBlurEffectView */; };
/* End PBXBuildFile section */

/* Begin PBXContainerItemProxy section */
		552B0CCE2C736CC200344F9B /* PBXContainerItemProxy */ = {
			isa = PBXContainerItemProxy;
			containerPortal = 552B0CAF2C736CBE00344F9B /* Project object */;
			proxyType = 1;
			remoteGlobalIDString = 552B0CB62C736CBF00344F9B;
			remoteInfo = DBDInfo;
		};
		552B0CD82C736CC200344F9B /* PBXContainerItemProxy */ = {
			isa = PBXContainerItemProxy;
			containerPortal = 552B0CAF2C736CBE00344F9B /* Project object */;
			proxyType = 1;
			remoteGlobalIDString = 552B0CB62C736CBF00344F9B;
			remoteInfo = DBDInfo;
		};
/* End PBXContainerItemProxy section */

/* Begin PBXFileReference section */
		5506720D2C7786FD008F0420 /* DLCVC.swift */ = {isa = PBXFileReference; lastKnownFileType = sourcecode.swift; path = DLCVC.swift; sourceTree = "<group>"; };
		5506720F2C77877A008F0420 /* DLCCell.swift */ = {isa = PBXFileReference; lastKnownFileType = sourcecode.swift; path = DLCCell.swift; sourceTree = "<group>"; };
		550672122C7788B1008F0420 /* PreviewImageView.swift */ = {isa = PBXFileReference; lastKnownFileType = sourcecode.swift; path = PreviewImageView.swift; sourceTree = "<group>"; };
		550672142C779950008F0420 /* DLC.swift */ = {isa = PBXFileReference; lastKnownFileType = sourcecode.swift; path = DLC.swift; sourceTree = "<group>"; };
		552B0CB72C736CBF00344F9B /* DBDInfo.app */ = {isa = PBXFileReference; explicitFileType = wrapper.application; includeInIndex = 0; path = DBDInfo.app; sourceTree = BUILT_PRODUCTS_DIR; };
		552B0CBA2C736CBF00344F9B /* AppDelegate.swift */ = {isa = PBXFileReference; lastKnownFileType = sourcecode.swift; path = AppDelegate.swift; sourceTree = "<group>"; };
		552B0CBC2C736CBF00344F9B /* SceneDelegate.swift */ = {isa = PBXFileReference; lastKnownFileType = sourcecode.swift; path = SceneDelegate.swift; sourceTree = "<group>"; };
		552B0CBE2C736CBF00344F9B /* ViewController.swift */ = {isa = PBXFileReference; lastKnownFileType = sourcecode.swift; path = ViewController.swift; sourceTree = "<group>"; };
		552B0CC12C736CBF00344F9B /* Base */ = {isa = PBXFileReference; lastKnownFileType = file.storyboard; name = Base; path = Base.lproj/Main.storyboard; sourceTree = "<group>"; };
		552B0CC32C736CC200344F9B /* Assets.xcassets */ = {isa = PBXFileReference; lastKnownFileType = folder.assetcatalog; path = Assets.xcassets; sourceTree = "<group>"; };
		552B0CC62C736CC200344F9B /* Base */ = {isa = PBXFileReference; lastKnownFileType = file.storyboard; name = Base; path = Base.lproj/LaunchScreen.storyboard; sourceTree = "<group>"; };
		552B0CC82C736CC200344F9B /* Info.plist */ = {isa = PBXFileReference; lastKnownFileType = text.plist.xml; path = Info.plist; sourceTree = "<group>"; };
		552B0CCD2C736CC200344F9B /* DBDInfoTests.xctest */ = {isa = PBXFileReference; explicitFileType = wrapper.cfbundle; includeInIndex = 0; path = DBDInfoTests.xctest; sourceTree = BUILT_PRODUCTS_DIR; };
		552B0CD12C736CC200344F9B /* DBDInfoTests.swift */ = {isa = PBXFileReference; lastKnownFileType = sourcecode.swift; path = DBDInfoTests.swift; sourceTree = "<group>"; };
		552B0CD72C736CC200344F9B /* DBDInfoUITests.xctest */ = {isa = PBXFileReference; explicitFileType = wrapper.cfbundle; includeInIndex = 0; path = DBDInfoUITests.xctest; sourceTree = BUILT_PRODUCTS_DIR; };
		552B0CDB2C736CC200344F9B /* DBDInfoUITests.swift */ = {isa = PBXFileReference; lastKnownFileType = sourcecode.swift; path = DBDInfoUITests.swift; sourceTree = "<group>"; };
		552B0CDD2C736CC200344F9B /* DBDInfoUITestsLaunchTests.swift */ = {isa = PBXFileReference; lastKnownFileType = sourcecode.swift; path = DBDInfoUITestsLaunchTests.swift; sourceTree = "<group>"; };
		552B0CEC2C736EE100344F9B /* FeaturesVC.swift */ = {isa = PBXFileReference; lastKnownFileType = sourcecode.swift; path = FeaturesVC.swift; sourceTree = "<group>"; };
		552B0CEF2C73740F00344F9B /* Feature.swift */ = {isa = PBXFileReference; lastKnownFileType = sourcecode.swift; path = Feature.swift; sourceTree = "<group>"; };
		552B0CF22C73779C00344F9B /* UIHelper.swift */ = {isa = PBXFileReference; lastKnownFileType = sourcecode.swift; path = UIHelper.swift; sourceTree = "<group>"; };
		552B0CF52C737B8B00344F9B /* FeatureCell.swift */ = {isa = PBXFileReference; lastKnownFileType = sourcecode.swift; path = FeatureCell.swift; sourceTree = "<group>"; };
		552B0CF72C737F8A00344F9B /* Constants.swift */ = {isa = PBXFileReference; lastKnownFileType = sourcecode.swift; path = Constants.swift; sourceTree = "<group>"; };
		552B0CFA2C738DA100344F9B /* DITitleLabel.swift */ = {isa = PBXFileReference; lastKnownFileType = sourcecode.swift; path = DITitleLabel.swift; sourceTree = "<group>"; };
		552B0CFC2C738E6000344F9B /* DISecondaryLabel.swift */ = {isa = PBXFileReference; lastKnownFileType = sourcecode.swift; path = DISecondaryLabel.swift; sourceTree = "<group>"; };
		552B0CFE2C738F6A00344F9B /* DIAdditionalLabel.swift */ = {isa = PBXFileReference; lastKnownFileType = sourcecode.swift; path = DIAdditionalLabel.swift; sourceTree = "<group>"; };
		552B0D002C73AC8D00344F9B /* fa-solid-900.ttf */ = {isa = PBXFileReference; lastKnownFileType = file; path = "fa-solid-900.ttf"; sourceTree = "<group>"; };
		552B0D022C73B0E800344F9B /* DISymbolLabel.swift */ = {isa = PBXFileReference; lastKnownFileType = sourcecode.swift; path = DISymbolLabel.swift; sourceTree = "<group>"; };
/* End PBXFileReference section */

/* Begin PBXFrameworksBuildPhase section */
		552B0CB42C736CBF00344F9B /* Frameworks */ = {
			isa = PBXFrameworksBuildPhase;
			buildActionMask = 2147483647;
			files = (
				55E2D1A72C750621003181B8 /* CustomBlurEffectView in Frameworks */,
			);
			runOnlyForDeploymentPostprocessing = 0;
		};
		552B0CCA2C736CC200344F9B /* Frameworks */ = {
			isa = PBXFrameworksBuildPhase;
			buildActionMask = 2147483647;
			files = (
			);
			runOnlyForDeploymentPostprocessing = 0;
		};
		552B0CD42C736CC200344F9B /* Frameworks */ = {
			isa = PBXFrameworksBuildPhase;
			buildActionMask = 2147483647;
			files = (
			);
			runOnlyForDeploymentPostprocessing = 0;
		};
/* End PBXFrameworksBuildPhase section */

/* Begin PBXGroup section */
		550672112C778897008F0420 /* ImageViews */ = {
			isa = PBXGroup;
			children = (
				550672122C7788B1008F0420 /* PreviewImageView.swift */,
			);
			path = ImageViews;
			sourceTree = "<group>";
		};
		552B0CAE2C736CBE00344F9B = {
			isa = PBXGroup;
			children = (
				552B0CB92C736CBF00344F9B /* DBDInfo */,
				552B0CD02C736CC200344F9B /* DBDInfoTests */,
				552B0CDA2C736CC200344F9B /* DBDInfoUITests */,
				552B0CB82C736CBF00344F9B /* Products */,
			);
			sourceTree = "<group>";
		};
		552B0CB82C736CBF00344F9B /* Products */ = {
			isa = PBXGroup;
			children = (
				552B0CB72C736CBF00344F9B /* DBDInfo.app */,
				552B0CCD2C736CC200344F9B /* DBDInfoTests.xctest */,
				552B0CD72C736CC200344F9B /* DBDInfoUITests.xctest */,
			);
			name = Products;
			sourceTree = "<group>";
		};
		552B0CB92C736CBF00344F9B /* DBDInfo */ = {
			isa = PBXGroup;
			children = (
				552B0D002C73AC8D00344F9B /* fa-solid-900.ttf */,
				552B0CC32C736CC200344F9B /* Assets.xcassets */,
				552B0CC02C736CBF00344F9B /* Main.storyboard */,
				552B0CC52C736CC200344F9B /* LaunchScreen.storyboard */,
				552B0CC82C736CC200344F9B /* Info.plist */,
				550672112C778897008F0420 /* ImageViews */,
				552B0CF92C738D8000344F9B /* Labels */,
				552B0CF42C737B7100344F9B /* Cells */,
				552B0CF12C73778B00344F9B /* Utilities */,
				552B0CEE2C73740700344F9B /* Models */,
				552B0CEB2C736EA500344F9B /* Screens */,
				552B0CEA2C736E3E00344F9B /* Support */,
			);
			path = DBDInfo;
			sourceTree = "<group>";
		};
		552B0CD02C736CC200344F9B /* DBDInfoTests */ = {
			isa = PBXGroup;
			children = (
				552B0CD12C736CC200344F9B /* DBDInfoTests.swift */,
			);
			path = DBDInfoTests;
			sourceTree = "<group>";
		};
		552B0CDA2C736CC200344F9B /* DBDInfoUITests */ = {
			isa = PBXGroup;
			children = (
				552B0CDB2C736CC200344F9B /* DBDInfoUITests.swift */,
				552B0CDD2C736CC200344F9B /* DBDInfoUITestsLaunchTests.swift */,
			);
			path = DBDInfoUITests;
			sourceTree = "<group>";
		};
		552B0CEA2C736E3E00344F9B /* Support */ = {
			isa = PBXGroup;
			children = (
				552B0CBA2C736CBF00344F9B /* AppDelegate.swift */,
				552B0CBC2C736CBF00344F9B /* SceneDelegate.swift */,
				552B0CBE2C736CBF00344F9B /* ViewController.swift */,
			);
			path = Support;
			sourceTree = "<group>";
		};
		552B0CEB2C736EA500344F9B /* Screens */ = {
			isa = PBXGroup;
			children = (
				552B0CEC2C736EE100344F9B /* FeaturesVC.swift */,
				5506720D2C7786FD008F0420 /* DLCVC.swift */,
			);
			path = Screens;
			sourceTree = "<group>";
		};
		552B0CEE2C73740700344F9B /* Models */ = {
			isa = PBXGroup;
			children = (
				550672142C779950008F0420 /* DLC.swift */,
				552B0CEF2C73740F00344F9B /* Feature.swift */,
			);
			path = Models;
			sourceTree = "<group>";
		};
		552B0CF12C73778B00344F9B /* Utilities */ = {
			isa = PBXGroup;
			children = (
				552B0CF72C737F8A00344F9B /* Constants.swift */,
				552B0CF22C73779C00344F9B /* UIHelper.swift */,
			);
			path = Utilities;
			sourceTree = "<group>";
		};
		552B0CF42C737B7100344F9B /* Cells */ = {
			isa = PBXGroup;
			children = (
				552B0CF52C737B8B00344F9B /* FeatureCell.swift */,
				5506720F2C77877A008F0420 /* DLCCell.swift */,
			);
			path = Cells;
			sourceTree = "<group>";
		};
		552B0CF92C738D8000344F9B /* Labels */ = {
			isa = PBXGroup;
			children = (
				552B0CFA2C738DA100344F9B /* DITitleLabel.swift */,
				552B0CFC2C738E6000344F9B /* DISecondaryLabel.swift */,
				552B0CFE2C738F6A00344F9B /* DIAdditionalLabel.swift */,
				552B0D022C73B0E800344F9B /* DISymbolLabel.swift */,
			);
			path = Labels;
			sourceTree = "<group>";
		};
/* End PBXGroup section */

/* Begin PBXNativeTarget section */
		552B0CB62C736CBF00344F9B /* DBDInfo */ = {
			isa = PBXNativeTarget;
			buildConfigurationList = 552B0CE12C736CC200344F9B /* Build configuration list for PBXNativeTarget "DBDInfo" */;
			buildPhases = (
				552B0CB32C736CBF00344F9B /* Sources */,
				552B0CB42C736CBF00344F9B /* Frameworks */,
				552B0CB52C736CBF00344F9B /* Resources */,
			);
			buildRules = (
			);
			dependencies = (
			);
			name = DBDInfo;
			packageProductDependencies = (
				55E2D1A62C750621003181B8 /* CustomBlurEffectView */,
			);
			productName = DBDInfo;
			productReference = 552B0CB72C736CBF00344F9B /* DBDInfo.app */;
			productType = "com.apple.product-type.application";
		};
		552B0CCC2C736CC200344F9B /* DBDInfoTests */ = {
			isa = PBXNativeTarget;
			buildConfigurationList = 552B0CE42C736CC200344F9B /* Build configuration list for PBXNativeTarget "DBDInfoTests" */;
			buildPhases = (
				552B0CC92C736CC200344F9B /* Sources */,
				552B0CCA2C736CC200344F9B /* Frameworks */,
				552B0CCB2C736CC200344F9B /* Resources */,
			);
			buildRules = (
			);
			dependencies = (
				552B0CCF2C736CC200344F9B /* PBXTargetDependency */,
			);
			name = DBDInfoTests;
			productName = DBDInfoTests;
			productReference = 552B0CCD2C736CC200344F9B /* DBDInfoTests.xctest */;
			productType = "com.apple.product-type.bundle.unit-test";
		};
		552B0CD62C736CC200344F9B /* DBDInfoUITests */ = {
			isa = PBXNativeTarget;
			buildConfigurationList = 552B0CE72C736CC200344F9B /* Build configuration list for PBXNativeTarget "DBDInfoUITests" */;
			buildPhases = (
				552B0CD32C736CC200344F9B /* Sources */,
				552B0CD42C736CC200344F9B /* Frameworks */,
				552B0CD52C736CC200344F9B /* Resources */,
			);
			buildRules = (
			);
			dependencies = (
				552B0CD92C736CC200344F9B /* PBXTargetDependency */,
			);
			name = DBDInfoUITests;
			productName = DBDInfoUITests;
			productReference = 552B0CD72C736CC200344F9B /* DBDInfoUITests.xctest */;
			productType = "com.apple.product-type.bundle.ui-testing";
		};
/* End PBXNativeTarget section */

/* Begin PBXProject section */
		552B0CAF2C736CBE00344F9B /* Project object */ = {
			isa = PBXProject;
			attributes = {
				BuildIndependentTargetsInParallel = 1;
				LastSwiftUpdateCheck = 1600;
				LastUpgradeCheck = 1600;
				TargetAttributes = {
					552B0CB62C736CBF00344F9B = {
						CreatedOnToolsVersion = 16.0;
					};
					552B0CCC2C736CC200344F9B = {
						CreatedOnToolsVersion = 16.0;
						TestTargetID = 552B0CB62C736CBF00344F9B;
					};
					552B0CD62C736CC200344F9B = {
						CreatedOnToolsVersion = 16.0;
						TestTargetID = 552B0CB62C736CBF00344F9B;
					};
				};
			};
			buildConfigurationList = 552B0CB22C736CBE00344F9B /* Build configuration list for PBXProject "DBDInfo" */;
			compatibilityVersion = "Xcode 15.0";
			developmentRegion = en;
			hasScannedForEncodings = 0;
			knownRegions = (
				en,
				Base,
			);
			mainGroup = 552B0CAE2C736CBE00344F9B;
			packageReferences = (
				55E2D1A52C750621003181B8 /* XCRemoteSwiftPackageReference "CustomBlurEffectView" */,
			);
			productRefGroup = 552B0CB82C736CBF00344F9B /* Products */;
			projectDirPath = "";
			projectRoot = "";
			targets = (
				552B0CB62C736CBF00344F9B /* DBDInfo */,
				552B0CCC2C736CC200344F9B /* DBDInfoTests */,
				552B0CD62C736CC200344F9B /* DBDInfoUITests */,
			);
		};
/* End PBXProject section */

/* Begin PBXResourcesBuildPhase section */
		552B0CB52C736CBF00344F9B /* Resources */ = {
			isa = PBXResourcesBuildPhase;
			buildActionMask = 2147483647;
			files = (
				552B0CC42C736CC200344F9B /* Assets.xcassets in Resources */,
				552B0D012C73AC8E00344F9B /* fa-solid-900.ttf in Resources */,
				552B0CC72C736CC200344F9B /* Base in Resources */,
				552B0CC22C736CBF00344F9B /* Base in Resources */,
			);
			runOnlyForDeploymentPostprocessing = 0;
		};
		552B0CCB2C736CC200344F9B /* Resources */ = {
			isa = PBXResourcesBuildPhase;
			buildActionMask = 2147483647;
			files = (
			);
			runOnlyForDeploymentPostprocessing = 0;
		};
		552B0CD52C736CC200344F9B /* Resources */ = {
			isa = PBXResourcesBuildPhase;
			buildActionMask = 2147483647;
			files = (
			);
			runOnlyForDeploymentPostprocessing = 0;
		};
/* End PBXResourcesBuildPhase section */

/* Begin PBXSourcesBuildPhase section */
		552B0CB32C736CBF00344F9B /* Sources */ = {
			isa = PBXSourcesBuildPhase;
			buildActionMask = 2147483647;
			files = (
				552B0CFD2C738E6000344F9B /* DISecondaryLabel.swift in Sources */,
				550672102C77877A008F0420 /* DLCCell.swift in Sources */,
				552B0D032C73B0E800344F9B /* DISymbolLabel.swift in Sources */,
				552B0CFB2C738DA100344F9B /* DITitleLabel.swift in Sources */,
				552B0CED2C736EE100344F9B /* FeaturesVC.swift in Sources */,
				5506720E2C7786FD008F0420 /* DLCVC.swift in Sources */,
				552B0CF62C737B8B00344F9B /* FeatureCell.swift in Sources */,
				550672152C779954008F0420 /* DLC.swift in Sources */,
				552B0CBF2C736CBF00344F9B /* ViewController.swift in Sources */,
				552B0CF02C73741100344F9B /* Feature.swift in Sources */,
				552B0CBB2C736CBF00344F9B /* AppDelegate.swift in Sources */,
				550672132C7788B1008F0420 /* PreviewImageView.swift in Sources */,
				552B0CBD2C736CBF00344F9B /* SceneDelegate.swift in Sources */,
				552B0CF32C73779F00344F9B /* UIHelper.swift in Sources */,
				552B0CF82C737F8D00344F9B /* Constants.swift in Sources */,
				552B0CFF2C738F6A00344F9B /* DIAdditionalLabel.swift in Sources */,
			);
			runOnlyForDeploymentPostprocessing = 0;
		};
		552B0CC92C736CC200344F9B /* Sources */ = {
			isa = PBXSourcesBuildPhase;
			buildActionMask = 2147483647;
			files = (
				552B0CD22C736CC200344F9B /* DBDInfoTests.swift in Sources */,
			);
			runOnlyForDeploymentPostprocessing = 0;
		};
		552B0CD32C736CC200344F9B /* Sources */ = {
			isa = PBXSourcesBuildPhase;
			buildActionMask = 2147483647;
			files = (
				552B0CDC2C736CC200344F9B /* DBDInfoUITests.swift in Sources */,
				552B0CDE2C736CC200344F9B /* DBDInfoUITestsLaunchTests.swift in Sources */,
			);
			runOnlyForDeploymentPostprocessing = 0;
		};
/* End PBXSourcesBuildPhase section */

/* Begin PBXTargetDependency section */
		552B0CCF2C736CC200344F9B /* PBXTargetDependency */ = {
			isa = PBXTargetDependency;
			target = 552B0CB62C736CBF00344F9B /* DBDInfo */;
			targetProxy = 552B0CCE2C736CC200344F9B /* PBXContainerItemProxy */;
		};
		552B0CD92C736CC200344F9B /* PBXTargetDependency */ = {
			isa = PBXTargetDependency;
			target = 552B0CB62C736CBF00344F9B /* DBDInfo */;
			targetProxy = 552B0CD82C736CC200344F9B /* PBXContainerItemProxy */;
		};
/* End PBXTargetDependency section */

/* Begin PBXVariantGroup section */
		552B0CC02C736CBF00344F9B /* Main.storyboard */ = {
			isa = PBXVariantGroup;
			children = (
				552B0CC12C736CBF00344F9B /* Base */,
			);
			name = Main.storyboard;
			sourceTree = "<group>";
		};
		552B0CC52C736CC200344F9B /* LaunchScreen.storyboard */ = {
			isa = PBXVariantGroup;
			children = (
				552B0CC62C736CC200344F9B /* Base */,
			);
			name = LaunchScreen.storyboard;
			sourceTree = "<group>";
		};
/* End PBXVariantGroup section */

/* Begin XCBuildConfiguration section */
		552B0CDF2C736CC200344F9B /* Debug */ = {
			isa = XCBuildConfiguration;
			buildSettings = {
				ALWAYS_SEARCH_USER_PATHS = NO;
				ASSETCATALOG_COMPILER_GENERATE_SWIFT_ASSET_SYMBOL_EXTENSIONS = YES;
				CLANG_ANALYZER_NONNULL = YES;
				CLANG_ANALYZER_NUMBER_OBJECT_CONVERSION = YES_AGGRESSIVE;
				CLANG_CXX_LANGUAGE_STANDARD = "gnu++20";
				CLANG_ENABLE_MODULES = YES;
				CLANG_ENABLE_OBJC_ARC = YES;
				CLANG_ENABLE_OBJC_WEAK = YES;
				CLANG_WARN_BLOCK_CAPTURE_AUTORELEASING = YES;
				CLANG_WARN_BOOL_CONVERSION = YES;
				CLANG_WARN_COMMA = YES;
				CLANG_WARN_CONSTANT_CONVERSION = YES;
				CLANG_WARN_DEPRECATED_OBJC_IMPLEMENTATIONS = YES;
				CLANG_WARN_DIRECT_OBJC_ISA_USAGE = YES_ERROR;
				CLANG_WARN_DOCUMENTATION_COMMENTS = YES;
				CLANG_WARN_EMPTY_BODY = YES;
				CLANG_WARN_ENUM_CONVERSION = YES;
				CLANG_WARN_INFINITE_RECURSION = YES;
				CLANG_WARN_INT_CONVERSION = YES;
				CLANG_WARN_NON_LITERAL_NULL_CONVERSION = YES;
				CLANG_WARN_OBJC_IMPLICIT_RETAIN_SELF = YES;
				CLANG_WARN_OBJC_LITERAL_CONVERSION = YES;
				CLANG_WARN_OBJC_ROOT_CLASS = YES_ERROR;
				CLANG_WARN_QUOTED_INCLUDE_IN_FRAMEWORK_HEADER = YES;
				CLANG_WARN_RANGE_LOOP_ANALYSIS = YES;
				CLANG_WARN_STRICT_PROTOTYPES = YES;
				CLANG_WARN_SUSPICIOUS_MOVE = YES;
				CLANG_WARN_UNGUARDED_AVAILABILITY = YES_AGGRESSIVE;
				CLANG_WARN_UNREACHABLE_CODE = YES;
				CLANG_WARN__DUPLICATE_METHOD_MATCH = YES;
				COPY_PHASE_STRIP = NO;
				DEBUG_INFORMATION_FORMAT = dwarf;
				ENABLE_STRICT_OBJC_MSGSEND = YES;
				ENABLE_TESTABILITY = YES;
				ENABLE_USER_SCRIPT_SANDBOXING = YES;
				GCC_C_LANGUAGE_STANDARD = gnu17;
				GCC_DYNAMIC_NO_PIC = NO;
				GCC_NO_COMMON_BLOCKS = YES;
				GCC_OPTIMIZATION_LEVEL = 0;
				GCC_PREPROCESSOR_DEFINITIONS = (
					"DEBUG=1",
					"$(inherited)",
				);
				GCC_WARN_64_TO_32_BIT_CONVERSION = YES;
				GCC_WARN_ABOUT_RETURN_TYPE = YES_ERROR;
				GCC_WARN_UNDECLARED_SELECTOR = YES;
				GCC_WARN_UNINITIALIZED_AUTOS = YES_AGGRESSIVE;
				GCC_WARN_UNUSED_FUNCTION = YES;
				GCC_WARN_UNUSED_VARIABLE = YES;
				IPHONEOS_DEPLOYMENT_TARGET = 18.0;
				LOCALIZATION_PREFERS_STRING_CATALOGS = YES;
				MTL_ENABLE_DEBUG_INFO = INCLUDE_SOURCE;
				MTL_FAST_MATH = YES;
				ONLY_ACTIVE_ARCH = YES;
				SDKROOT = iphoneos;
				SWIFT_ACTIVE_COMPILATION_CONDITIONS = "DEBUG $(inherited)";
				SWIFT_OPTIMIZATION_LEVEL = "-Onone";
			};
			name = Debug;
		};
		552B0CE02C736CC200344F9B /* Release */ = {
			isa = XCBuildConfiguration;
			buildSettings = {
				ALWAYS_SEARCH_USER_PATHS = NO;
				ASSETCATALOG_COMPILER_GENERATE_SWIFT_ASSET_SYMBOL_EXTENSIONS = YES;
				CLANG_ANALYZER_NONNULL = YES;
				CLANG_ANALYZER_NUMBER_OBJECT_CONVERSION = YES_AGGRESSIVE;
				CLANG_CXX_LANGUAGE_STANDARD = "gnu++20";
				CLANG_ENABLE_MODULES = YES;
				CLANG_ENABLE_OBJC_ARC = YES;
				CLANG_ENABLE_OBJC_WEAK = YES;
				CLANG_WARN_BLOCK_CAPTURE_AUTORELEASING = YES;
				CLANG_WARN_BOOL_CONVERSION = YES;
				CLANG_WARN_COMMA = YES;
				CLANG_WARN_CONSTANT_CONVERSION = YES;
				CLANG_WARN_DEPRECATED_OBJC_IMPLEMENTATIONS = YES;
				CLANG_WARN_DIRECT_OBJC_ISA_USAGE = YES_ERROR;
				CLANG_WARN_DOCUMENTATION_COMMENTS = YES;
				CLANG_WARN_EMPTY_BODY = YES;
				CLANG_WARN_ENUM_CONVERSION = YES;
				CLANG_WARN_INFINITE_RECURSION = YES;
				CLANG_WARN_INT_CONVERSION = YES;
				CLANG_WARN_NON_LITERAL_NULL_CONVERSION = YES;
				CLANG_WARN_OBJC_IMPLICIT_RETAIN_SELF = YES;
				CLANG_WARN_OBJC_LITERAL_CONVERSION = YES;
				CLANG_WARN_OBJC_ROOT_CLASS = YES_ERROR;
				CLANG_WARN_QUOTED_INCLUDE_IN_FRAMEWORK_HEADER = YES;
				CLANG_WARN_RANGE_LOOP_ANALYSIS = YES;
				CLANG_WARN_STRICT_PROTOTYPES = YES;
				CLANG_WARN_SUSPICIOUS_MOVE = YES;
				CLANG_WARN_UNGUARDED_AVAILABILITY = YES_AGGRESSIVE;
				CLANG_WARN_UNREACHABLE_CODE = YES;
				CLANG_WARN__DUPLICATE_METHOD_MATCH = YES;
				COPY_PHASE_STRIP = NO;
				DEBUG_INFORMATION_FORMAT = "dwarf-with-dsym";
				ENABLE_NS_ASSERTIONS = NO;
				ENABLE_STRICT_OBJC_MSGSEND = YES;
				ENABLE_USER_SCRIPT_SANDBOXING = YES;
				GCC_C_LANGUAGE_STANDARD = gnu17;
				GCC_NO_COMMON_BLOCKS = YES;
				GCC_WARN_64_TO_32_BIT_CONVERSION = YES;
				GCC_WARN_ABOUT_RETURN_TYPE = YES_ERROR;
				GCC_WARN_UNDECLARED_SELECTOR = YES;
				GCC_WARN_UNINITIALIZED_AUTOS = YES_AGGRESSIVE;
				GCC_WARN_UNUSED_FUNCTION = YES;
				GCC_WARN_UNUSED_VARIABLE = YES;
				IPHONEOS_DEPLOYMENT_TARGET = 18.0;
				LOCALIZATION_PREFERS_STRING_CATALOGS = YES;
				MTL_ENABLE_DEBUG_INFO = NO;
				MTL_FAST_MATH = YES;
				SDKROOT = iphoneos;
				SWIFT_COMPILATION_MODE = wholemodule;
				VALIDATE_PRODUCT = YES;
			};
			name = Release;
		};
		552B0CE22C736CC200344F9B /* Debug */ = {
			isa = XCBuildConfiguration;
			buildSettings = {
				ASSETCATALOG_COMPILER_APPICON_NAME = AppIcon;
				ASSETCATALOG_COMPILER_GLOBAL_ACCENT_COLOR_NAME = AccentColor;
				CODE_SIGN_STYLE = Automatic;
				CURRENT_PROJECT_VERSION = 1;
				DEVELOPMENT_TEAM = X3Y69D3VMD;
				GENERATE_INFOPLIST_FILE = YES;
				INFOPLIST_FILE = DBDInfo/Info.plist;
				INFOPLIST_KEY_UIApplicationSupportsIndirectInputEvents = YES;
				INFOPLIST_KEY_UILaunchStoryboardName = LaunchScreen;
				INFOPLIST_KEY_UIMainStoryboardFile = Main;
				INFOPLIST_KEY_UISupportedInterfaceOrientations_iPad = "UIInterfaceOrientationPortrait UIInterfaceOrientationPortraitUpsideDown UIInterfaceOrientationLandscapeLeft UIInterfaceOrientationLandscapeRight";
				INFOPLIST_KEY_UISupportedInterfaceOrientations_iPhone = "UIInterfaceOrientationPortrait UIInterfaceOrientationLandscapeLeft UIInterfaceOrientationLandscapeRight";
				IPHONEOS_DEPLOYMENT_TARGET = 15.0;
				LD_RUNPATH_SEARCH_PATHS = (
					"$(inherited)",
					"@executable_path/Frameworks",
				);
				MARKETING_VERSION = 1.0;
				PRODUCT_BUNDLE_IDENTIFIER = Mauzec.DBDInfo;
				PRODUCT_NAME = "$(TARGET_NAME)";
				SWIFT_EMIT_LOC_STRINGS = YES;
				SWIFT_VERSION = 5.0;
				TARGETED_DEVICE_FAMILY = "1,2";
			};
			name = Debug;
		};
		552B0CE32C736CC200344F9B /* Release */ = {
			isa = XCBuildConfiguration;
			buildSettings = {
				ASSETCATALOG_COMPILER_APPICON_NAME = AppIcon;
				ASSETCATALOG_COMPILER_GLOBAL_ACCENT_COLOR_NAME = AccentColor;
				CODE_SIGN_STYLE = Automatic;
				CURRENT_PROJECT_VERSION = 1;
				DEVELOPMENT_TEAM = X3Y69D3VMD;
				GENERATE_INFOPLIST_FILE = YES;
				INFOPLIST_FILE = DBDInfo/Info.plist;
				INFOPLIST_KEY_UIApplicationSupportsIndirectInputEvents = YES;
				INFOPLIST_KEY_UILaunchStoryboardName = LaunchScreen;
				INFOPLIST_KEY_UIMainStoryboardFile = Main;
				INFOPLIST_KEY_UISupportedInterfaceOrientations_iPad = "UIInterfaceOrientationPortrait UIInterfaceOrientationPortraitUpsideDown UIInterfaceOrientationLandscapeLeft UIInterfaceOrientationLandscapeRight";
				INFOPLIST_KEY_UISupportedInterfaceOrientations_iPhone = "UIInterfaceOrientationPortrait UIInterfaceOrientationLandscapeLeft UIInterfaceOrientationLandscapeRight";
				IPHONEOS_DEPLOYMENT_TARGET = 15.0;
				LD_RUNPATH_SEARCH_PATHS = (
					"$(inherited)",
					"@executable_path/Frameworks",
				);
				MARKETING_VERSION = 1.0;
				PRODUCT_BUNDLE_IDENTIFIER = Mauzec.DBDInfo;
				PRODUCT_NAME = "$(TARGET_NAME)";
				SWIFT_EMIT_LOC_STRINGS = YES;
				SWIFT_VERSION = 5.0;
				TARGETED_DEVICE_FAMILY = "1,2";
			};
			name = Release;
		};
		552B0CE52C736CC200344F9B /* Debug */ = {
			isa = XCBuildConfiguration;
			buildSettings = {
				BUNDLE_LOADER = "$(TEST_HOST)";
				CODE_SIGN_STYLE = Automatic;
				CURRENT_PROJECT_VERSION = 1;
				DEVELOPMENT_TEAM = X3Y69D3VMD;
				GENERATE_INFOPLIST_FILE = YES;
				IPHONEOS_DEPLOYMENT_TARGET = 18.0;
				MARKETING_VERSION = 1.0;
				PRODUCT_BUNDLE_IDENTIFIER = Mauzec.DBDInfoTests;
				PRODUCT_NAME = "$(TARGET_NAME)";
				SWIFT_EMIT_LOC_STRINGS = NO;
				SWIFT_VERSION = 5.0;
				TARGETED_DEVICE_FAMILY = "1,2";
				TEST_HOST = "$(BUILT_PRODUCTS_DIR)/DBDInfo.app/$(BUNDLE_EXECUTABLE_FOLDER_PATH)/DBDInfo";
			};
			name = Debug;
		};
		552B0CE62C736CC200344F9B /* Release */ = {
			isa = XCBuildConfiguration;
			buildSettings = {
				BUNDLE_LOADER = "$(TEST_HOST)";
				CODE_SIGN_STYLE = Automatic;
				CURRENT_PROJECT_VERSION = 1;
				DEVELOPMENT_TEAM = X3Y69D3VMD;
				GENERATE_INFOPLIST_FILE = YES;
				IPHONEOS_DEPLOYMENT_TARGET = 18.0;
				MARKETING_VERSION = 1.0;
				PRODUCT_BUNDLE_IDENTIFIER = Mauzec.DBDInfoTests;
				PRODUCT_NAME = "$(TARGET_NAME)";
				SWIFT_EMIT_LOC_STRINGS = NO;
				SWIFT_VERSION = 5.0;
				TARGETED_DEVICE_FAMILY = "1,2";
				TEST_HOST = "$(BUILT_PRODUCTS_DIR)/DBDInfo.app/$(BUNDLE_EXECUTABLE_FOLDER_PATH)/DBDInfo";
			};
			name = Release;
		};
		552B0CE82C736CC200344F9B /* Debug */ = {
			isa = XCBuildConfiguration;
			buildSettings = {
				CODE_SIGN_STYLE = Automatic;
				CURRENT_PROJECT_VERSION = 1;
				DEVELOPMENT_TEAM = X3Y69D3VMD;
				GENERATE_INFOPLIST_FILE = YES;
				MARKETING_VERSION = 1.0;
				PRODUCT_BUNDLE_IDENTIFIER = Mauzec.DBDInfoUITests;
				PRODUCT_NAME = "$(TARGET_NAME)";
				SWIFT_EMIT_LOC_STRINGS = NO;
				SWIFT_VERSION = 5.0;
				TARGETED_DEVICE_FAMILY = "1,2";
				TEST_TARGET_NAME = DBDInfo;
			};
			name = Debug;
		};
		552B0CE92C736CC200344F9B /* Release */ = {
			isa = XCBuildConfiguration;
			buildSettings = {
				CODE_SIGN_STYLE = Automatic;
				CURRENT_PROJECT_VERSION = 1;
				DEVELOPMENT_TEAM = X3Y69D3VMD;
				GENERATE_INFOPLIST_FILE = YES;
				MARKETING_VERSION = 1.0;
				PRODUCT_BUNDLE_IDENTIFIER = Mauzec.DBDInfoUITests;
				PRODUCT_NAME = "$(TARGET_NAME)";
				SWIFT_EMIT_LOC_STRINGS = NO;
				SWIFT_VERSION = 5.0;
				TARGETED_DEVICE_FAMILY = "1,2";
				TEST_TARGET_NAME = DBDInfo;
			};
			name = Release;
		};
/* End XCBuildConfiguration section */

/* Begin XCConfigurationList section */
		552B0CB22C736CBE00344F9B /* Build configuration list for PBXProject "DBDInfo" */ = {
			isa = XCConfigurationList;
			buildConfigurations = (
				552B0CDF2C736CC200344F9B /* Debug */,
				552B0CE02C736CC200344F9B /* Release */,
			);
			defaultConfigurationIsVisible = 0;
			defaultConfigurationName = Release;
		};
		552B0CE12C736CC200344F9B /* Build configuration list for PBXNativeTarget "DBDInfo" */ = {
			isa = XCConfigurationList;
			buildConfigurations = (
				552B0CE22C736CC200344F9B /* Debug */,
				552B0CE32C736CC200344F9B /* Release */,
			);
			defaultConfigurationIsVisible = 0;
			defaultConfigurationName = Release;
		};
		552B0CE42C736CC200344F9B /* Build configuration list for PBXNativeTarget "DBDInfoTests" */ = {
			isa = XCConfigurationList;
			buildConfigurations = (
				552B0CE52C736CC200344F9B /* Debug */,
				552B0CE62C736CC200344F9B /* Release */,
			);
			defaultConfigurationIsVisible = 0;
			defaultConfigurationName = Release;
		};
		552B0CE72C736CC200344F9B /* Build configuration list for PBXNativeTarget "DBDInfoUITests" */ = {
			isa = XCConfigurationList;
			buildConfigurations = (
				552B0CE82C736CC200344F9B /* Debug */,
				552B0CE92C736CC200344F9B /* Release */,
			);
			defaultConfigurationIsVisible = 0;
			defaultConfigurationName = Release;
		};
/* End XCConfigurationList section */

/* Begin XCRemoteSwiftPackageReference section */
		55E2D1A52C750621003181B8 /* XCRemoteSwiftPackageReference "CustomBlurEffectView" */ = {
			isa = XCRemoteSwiftPackageReference;
			repositoryURL = "https://github.com/perfectdim/CustomBlurEffectView.git";
			requirement = {
				kind = upToNextMajorVersion;
				minimumVersion = 0.0.3;
			};
		};
/* End XCRemoteSwiftPackageReference section */

/* Begin XCSwiftPackageProductDependency section */
		55E2D1A62C750621003181B8 /* CustomBlurEffectView */ = {
			isa = XCSwiftPackageProductDependency;
			package = 55E2D1A52C750621003181B8 /* XCRemoteSwiftPackageReference "CustomBlurEffectView" */;
			productName = CustomBlurEffectView;
		};
/* End XCSwiftPackageProductDependency section */
	};
	rootObject = 552B0CAF2C736CBE00344F9B /* Project object */;
}
